// !$*UTF8*$!
{
	archiveVersion = 1;
	classes = {
	};
	objectVersion = 55;
	objects = {

/* Begin PBXBuildFile section */
		4A82BEAA274699BF0023E4F6 /* AppDelegate.swift in Sources */ = {isa = PBXBuildFile; fileRef = 4A82BEA9274699BF0023E4F6 /* AppDelegate.swift */; };
		4A82BEAC274699BF0023E4F6 /* SceneDelegate.swift in Sources */ = {isa = PBXBuildFile; fileRef = 4A82BEAB274699BF0023E4F6 /* SceneDelegate.swift */; };
		4A82BEB3274699C00023E4F6 /* Assets.xcassets in Resources */ = {isa = PBXBuildFile; fileRef = 4A82BEB2274699C00023E4F6 /* Assets.xcassets */; };
		4A82BEB6274699C00023E4F6 /* LaunchScreen.storyboard in Resources */ = {isa = PBXBuildFile; fileRef = 4A82BEB4274699C00023E4F6 /* LaunchScreen.storyboard */; };
		4A82BEDA27469A0D0023E4F6 /* GoogleService-Info.plist in Resources */ = {isa = PBXBuildFile; fileRef = 4A82BED927469A0D0023E4F6 /* GoogleService-Info.plist */; };
		4A82BEDD27469C0E0023E4F6 /* FirebaseAuth in Frameworks */ = {isa = PBXBuildFile; productRef = 4A82BEDC27469C0E0023E4F6 /* FirebaseAuth */; };
		4A82BEDF27469ED20023E4F6 /* AppController.swift in Sources */ = {isa = PBXBuildFile; fileRef = 4A82BEDE27469ED20023E4F6 /* AppController.swift */; };
		4A82BEE627469F900023E4F6 /* LoginVC.swift in Sources */ = {isa = PBXBuildFile; fileRef = 4A82BEE527469F900023E4F6 /* LoginVC.swift */; };
		4A82BEE827469F940023E4F6 /* HomeVC.swift in Sources */ = {isa = PBXBuildFile; fileRef = 4A82BEE727469F940023E4F6 /* HomeVC.swift */; };
/* End PBXBuildFile section */

/* Begin PBXContainerItemProxy section */
		4A82BEBD274699C00023E4F6 /* PBXContainerItemProxy */ = {
			isa = PBXContainerItemProxy;
			containerPortal = 4A82BE9E274699BF0023E4F6 /* Project object */;
			proxyType = 1;
			remoteGlobalIDString = 4A82BEA5274699BF0023E4F6;
			remoteInfo = ExEmailLogin;
		};
		4A82BEC7274699C00023E4F6 /* PBXContainerItemProxy */ = {
			isa = PBXContainerItemProxy;
			containerPortal = 4A82BE9E274699BF0023E4F6 /* Project object */;
			proxyType = 1;
			remoteGlobalIDString = 4A82BEA5274699BF0023E4F6;
			remoteInfo = ExEmailLogin;
		};
/* End PBXContainerItemProxy section */

/* Begin PBXFileReference section */
		4A82BEA6274699BF0023E4F6 /* ExEmailLogin.app */ = {isa = PBXFileReference; explicitFileType = wrapper.application; includeInIndex = 0; path = ExEmailLogin.app; sourceTree = BUILT_PRODUCTS_DIR; };
		4A82BEA9274699BF0023E4F6 /* AppDelegate.swift */ = {isa = PBXFileReference; lastKnownFileType = sourcecode.swift; path = AppDelegate.swift; sourceTree = "<group>"; };
		4A82BEAB274699BF0023E4F6 /* SceneDelegate.swift */ = {isa = PBXFileReference; lastKnownFileType = sourcecode.swift; path = SceneDelegate.swift; sourceTree = "<group>"; };
		4A82BEB2274699C00023E4F6 /* Assets.xcassets */ = {isa = PBXFileReference; lastKnownFileType = folder.assetcatalog; path = Assets.xcassets; sourceTree = "<group>"; };
		4A82BEB5274699C00023E4F6 /* Base */ = {isa = PBXFileReference; lastKnownFileType = file.storyboard; name = Base; path = Base.lproj/LaunchScreen.storyboard; sourceTree = "<group>"; };
		4A82BEB7274699C00023E4F6 /* Info.plist */ = {isa = PBXFileReference; lastKnownFileType = text.plist.xml; path = Info.plist; sourceTree = "<group>"; };
		4A82BEBC274699C00023E4F6 /* ExEmailLoginTests.xctest */ = {isa = PBXFileReference; explicitFileType = wrapper.cfbundle; includeInIndex = 0; path = ExEmailLoginTests.xctest; sourceTree = BUILT_PRODUCTS_DIR; };
		4A82BEC6274699C00023E4F6 /* ExEmailLoginUITests.xctest */ = {isa = PBXFileReference; explicitFileType = wrapper.cfbundle; includeInIndex = 0; path = ExEmailLoginUITests.xctest; sourceTree = BUILT_PRODUCTS_DIR; };
		4A82BED927469A0D0023E4F6 /* GoogleService-Info.plist */ = {isa = PBXFileReference; fileEncoding = 4; lastKnownFileType = text.plist.xml; path = "GoogleService-Info.plist"; sourceTree = "<group>"; };
		4A82BEDE27469ED20023E4F6 /* AppController.swift */ = {isa = PBXFileReference; lastKnownFileType = sourcecode.swift; path = AppController.swift; sourceTree = "<group>"; };
		4A82BEE527469F900023E4F6 /* LoginVC.swift */ = {isa = PBXFileReference; lastKnownFileType = sourcecode.swift; path = LoginVC.swift; sourceTree = "<group>"; };
		4A82BEE727469F940023E4F6 /* HomeVC.swift */ = {isa = PBXFileReference; lastKnownFileType = sourcecode.swift; path = HomeVC.swift; sourceTree = "<group>"; };
		4A82BEE92746C5FC0023E4F6 /* ExEmailLogin.entitlements */ = {isa = PBXFileReference; lastKnownFileType = text.plist.entitlements; path = ExEmailLogin.entitlements; sourceTree = "<group>"; };
/* End PBXFileReference section */

/* Begin PBXFrameworksBuildPhase section */
		4A82BEA3274699BF0023E4F6 /* Frameworks */ = {
			isa = PBXFrameworksBuildPhase;
			buildActionMask = 2147483647;
			files = (
				4A82BEDD27469C0E0023E4F6 /* FirebaseAuth in Frameworks */,
			);
			runOnlyForDeploymentPostprocessing = 0;
		};
		4A82BEB9274699C00023E4F6 /* Frameworks */ = {
			isa = PBXFrameworksBuildPhase;
			buildActionMask = 2147483647;
			files = (
			);
			runOnlyForDeploymentPostprocessing = 0;
		};
		4A82BEC3274699C00023E4F6 /* Frameworks */ = {
			isa = PBXFrameworksBuildPhase;
			buildActionMask = 2147483647;
			files = (
			);
			runOnlyForDeploymentPostprocessing = 0;
		};
/* End PBXFrameworksBuildPhase section */

/* Begin PBXGroup section */
		4A82BE9D274699BF0023E4F6 = {
			isa = PBXGroup;
			children = (
				4A82BEA8274699BF0023E4F6 /* ExEmailLogin */,
				4A82BEA7274699BF0023E4F6 /* Products */,
			);
			sourceTree = "<group>";
		};
		4A82BEA7274699BF0023E4F6 /* Products */ = {
			isa = PBXGroup;
			children = (
				4A82BEA6274699BF0023E4F6 /* ExEmailLogin.app */,
				4A82BEBC274699C00023E4F6 /* ExEmailLoginTests.xctest */,
				4A82BEC6274699C00023E4F6 /* ExEmailLoginUITests.xctest */,
			);
			name = Products;
			sourceTree = "<group>";
		};
		4A82BEA8274699BF0023E4F6 /* ExEmailLogin */ = {
			isa = PBXGroup;
			children = (
				4A82BEAB274699BF0023E4F6 /* SceneDelegate.swift */,
				4A82BEE92746C5FC0023E4F6 /* ExEmailLogin.entitlements */,
				4A82BEE327469F440023E4F6 /* App */,
				4A82BEE227469F410023E4F6 /* Model */,
				4A82BEE127469F3C0023E4F6 /* View */,
				4A82BEE027469F380023E4F6 /* Controller */,
				4A82BEE427469F4E0023E4F6 /* Resource */,
			);
			path = ExEmailLogin;
			sourceTree = "<group>";
		};
		4A82BEE027469F380023E4F6 /* Controller */ = {
			isa = PBXGroup;
			children = (
				4A82BEE527469F900023E4F6 /* LoginVC.swift */,
				4A82BEE727469F940023E4F6 /* HomeVC.swift */,
			);
			path = Controller;
			sourceTree = "<group>";
		};
		4A82BEE127469F3C0023E4F6 /* View */ = {
			isa = PBXGroup;
			children = (
			);
			path = View;
			sourceTree = "<group>";
		};
		4A82BEE227469F410023E4F6 /* Model */ = {
			isa = PBXGroup;
			children = (
			);
			path = Model;
			sourceTree = "<group>";
		};
		4A82BEE327469F440023E4F6 /* App */ = {
			isa = PBXGroup;
			children = (
				4A82BEA9274699BF0023E4F6 /* AppDelegate.swift */,
				4A82BEDE27469ED20023E4F6 /* AppController.swift */,
			);
			path = App;
			sourceTree = "<group>";
		};
		4A82BEE427469F4E0023E4F6 /* Resource */ = {
			isa = PBXGroup;
			children = (
				4A82BED927469A0D0023E4F6 /* GoogleService-Info.plist */,
				4A82BEB2274699C00023E4F6 /* Assets.xcassets */,
				4A82BEB4274699C00023E4F6 /* LaunchScreen.storyboard */,
				4A82BEB7274699C00023E4F6 /* Info.plist */,
			);
			path = Resource;
			sourceTree = "<group>";
		};
/* End PBXGroup section */

/* Begin PBXNativeTarget section */
		4A82BEA5274699BF0023E4F6 /* ExEmailLogin */ = {
			isa = PBXNativeTarget;
			buildConfigurationList = 4A82BED0274699C10023E4F6 /* Build configuration list for PBXNativeTarget "ExEmailLogin" */;
			buildPhases = (
				4A82BEA2274699BF0023E4F6 /* Sources */,
				4A82BEA3274699BF0023E4F6 /* Frameworks */,
				4A82BEA4274699BF0023E4F6 /* Resources */,
			);
			buildRules = (
			);
			dependencies = (
			);
			name = ExEmailLogin;
			packageProductDependencies = (
				4A82BEDC27469C0E0023E4F6 /* FirebaseAuth */,
			);
			productName = ExEmailLogin;
			productReference = 4A82BEA6274699BF0023E4F6 /* ExEmailLogin.app */;
			productType = "com.apple.product-type.application";
		};
		4A82BEBB274699C00023E4F6 /* ExEmailLoginTests */ = {
			isa = PBXNativeTarget;
			buildConfigurationList = 4A82BED3274699C10023E4F6 /* Build configuration list for PBXNativeTarget "ExEmailLoginTests" */;
			buildPhases = (
				4A82BEB8274699C00023E4F6 /* Sources */,
				4A82BEB9274699C00023E4F6 /* Frameworks */,
				4A82BEBA274699C00023E4F6 /* Resources */,
			);
			buildRules = (
			);
			dependencies = (
				4A82BEBE274699C00023E4F6 /* PBXTargetDependency */,
			);
			name = ExEmailLoginTests;
			productName = ExEmailLoginTests;
			productReference = 4A82BEBC274699C00023E4F6 /* ExEmailLoginTests.xctest */;
			productType = "com.apple.product-type.bundle.unit-test";
		};
		4A82BEC5274699C00023E4F6 /* ExEmailLoginUITests */ = {
			isa = PBXNativeTarget;
			buildConfigurationList = 4A82BED6274699C10023E4F6 /* Build configuration list for PBXNativeTarget "ExEmailLoginUITests" */;
			buildPhases = (
				4A82BEC2274699C00023E4F6 /* Sources */,
				4A82BEC3274699C00023E4F6 /* Frameworks */,
				4A82BEC4274699C00023E4F6 /* Resources */,
			);
			buildRules = (
			);
			dependencies = (
				4A82BEC8274699C00023E4F6 /* PBXTargetDependency */,
			);
			name = ExEmailLoginUITests;
			productName = ExEmailLoginUITests;
			productReference = 4A82BEC6274699C00023E4F6 /* ExEmailLoginUITests.xctest */;
			productType = "com.apple.product-type.bundle.ui-testing";
		};
/* End PBXNativeTarget section */

/* Begin PBXProject section */
		4A82BE9E274699BF0023E4F6 /* Project object */ = {
			isa = PBXProject;
			attributes = {
				BuildIndependentTargetsInParallel = 1;
				LastSwiftUpdateCheck = 1310;
				LastUpgradeCheck = 1310;
				TargetAttributes = {
					4A82BEA5274699BF0023E4F6 = {
						CreatedOnToolsVersion = 13.1;
					};
					4A82BEBB274699C00023E4F6 = {
						CreatedOnToolsVersion = 13.1;
						TestTargetID = 4A82BEA5274699BF0023E4F6;
					};
					4A82BEC5274699C00023E4F6 = {
						CreatedOnToolsVersion = 13.1;
						TestTargetID = 4A82BEA5274699BF0023E4F6;
					};
				};
			};
			buildConfigurationList = 4A82BEA1274699BF0023E4F6 /* Build configuration list for PBXProject "ExEmailLogin" */;
			compatibilityVersion = "Xcode 13.0";
			developmentRegion = en;
			hasScannedForEncodings = 0;
			knownRegions = (
				en,
				Base,
			);
			mainGroup = 4A82BE9D274699BF0023E4F6;
			packageReferences = (
				4A82BEDB27469C0E0023E4F6 /* XCRemoteSwiftPackageReference "firebase-ios-sdk" */,
			);
			productRefGroup = 4A82BEA7274699BF0023E4F6 /* Products */;
			projectDirPath = "";
			projectRoot = "";
			targets = (
				4A82BEA5274699BF0023E4F6 /* ExEmailLogin */,
				4A82BEBB274699C00023E4F6 /* ExEmailLoginTests */,
				4A82BEC5274699C00023E4F6 /* ExEmailLoginUITests */,
			);
		};
/* End PBXProject section */

/* Begin PBXResourcesBuildPhase section */
		4A82BEA4274699BF0023E4F6 /* Resources */ = {
			isa = PBXResourcesBuildPhase;
			buildActionMask = 2147483647;
			files = (
				4A82BEB6274699C00023E4F6 /* LaunchScreen.storyboard in Resources */,
				4A82BEDA27469A0D0023E4F6 /* GoogleService-Info.plist in Resources */,
				4A82BEB3274699C00023E4F6 /* Assets.xcassets in Resources */,
			);
			runOnlyForDeploymentPostprocessing = 0;
		};
		4A82BEBA274699C00023E4F6 /* Resources */ = {
			isa = PBXResourcesBuildPhase;
			buildActionMask = 2147483647;
			files = (
			);
			runOnlyForDeploymentPostprocessing = 0;
		};
		4A82BEC4274699C00023E4F6 /* Resources */ = {
			isa = PBXResourcesBuildPhase;
			buildActionMask = 2147483647;
			files = (
			);
			runOnlyForDeploymentPostprocessing = 0;
		};
/* End PBXResourcesBuildPhase section */

/* Begin PBXSourcesBuildPhase section */
		4A82BEA2274699BF0023E4F6 /* Sources */ = {
			isa = PBXSourcesBuildPhase;
			buildActionMask = 2147483647;
			files = (
				4A82BEAA274699BF0023E4F6 /* AppDelegate.swift in Sources */,
				4A82BEAC274699BF0023E4F6 /* SceneDelegate.swift in Sources */,
				4A82BEE827469F940023E4F6 /* HomeVC.swift in Sources */,
				4A82BEDF27469ED20023E4F6 /* AppController.swift in Sources */,
				4A82BEE627469F900023E4F6 /* LoginVC.swift in Sources */,
			);
			runOnlyForDeploymentPostprocessing = 0;
		};
		4A82BEB8274699C00023E4F6 /* Sources */ = {
			isa = PBXSourcesBuildPhase;
			buildActionMask = 2147483647;
			files = (
			);
			runOnlyForDeploymentPostprocessing = 0;
		};
		4A82BEC2274699C00023E4F6 /* Sources */ = {
			isa = PBXSourcesBuildPhase;
			buildActionMask = 2147483647;
			files = (
			);
			runOnlyForDeploymentPostprocessing = 0;
		};
/* End PBXSourcesBuildPhase section */

/* Begin PBXTargetDependency section */
		4A82BEBE274699C00023E4F6 /* PBXTargetDependency */ = {
			isa = PBXTargetDependency;
			target = 4A82BEA5274699BF0023E4F6 /* ExEmailLogin */;
			targetProxy = 4A82BEBD274699C00023E4F6 /* PBXContainerItemProxy */;
		};
		4A82BEC8274699C00023E4F6 /* PBXTargetDependency */ = {
			isa = PBXTargetDependency;
			target = 4A82BEA5274699BF0023E4F6 /* ExEmailLogin */;
			targetProxy = 4A82BEC7274699C00023E4F6 /* PBXContainerItemProxy */;
		};
/* End PBXTargetDependency section */

/* Begin PBXVariantGroup section */
		4A82BEB4274699C00023E4F6 /* LaunchScreen.storyboard */ = {
			isa = PBXVariantGroup;
			children = (
				4A82BEB5274699C00023E4F6 /* Base */,
			);
			name = LaunchScreen.storyboard;
			sourceTree = "<group>";
		};
/* End PBXVariantGroup section */

/* Begin XCBuildConfiguration section */
		4A82BECE274699C10023E4F6 /* Debug */ = {
			isa = XCBuildConfiguration;
			buildSettings = {
				ALWAYS_SEARCH_USER_PATHS = NO;
				CLANG_ANALYZER_NONNULL = YES;
				CLANG_ANALYZER_NUMBER_OBJECT_CONVERSION = YES_AGGRESSIVE;
				CLANG_CXX_LANGUAGE_STANDARD = "gnu++17";
				CLANG_CXX_LIBRARY = "libc++";
				CLANG_ENABLE_MODULES = YES;
				CLANG_ENABLE_OBJC_ARC = YES;
				CLANG_ENABLE_OBJC_WEAK = YES;
				CLANG_WARN_BLOCK_CAPTURE_AUTORELEASING = YES;
				CLANG_WARN_BOOL_CONVERSION = YES;
				CLANG_WARN_COMMA = YES;
				CLANG_WARN_CONSTANT_CONVERSION = YES;
				CLANG_WARN_DEPRECATED_OBJC_IMPLEMENTATIONS = YES;
				CLANG_WARN_DIRECT_OBJC_ISA_USAGE = YES_ERROR;
				CLANG_WARN_DOCUMENTATION_COMMENTS = YES;
				CLANG_WARN_EMPTY_BODY = YES;
				CLANG_WARN_ENUM_CONVERSION = YES;
				CLANG_WARN_INFINITE_RECURSION = YES;
				CLANG_WARN_INT_CONVERSION = YES;
				CLANG_WARN_NON_LITERAL_NULL_CONVERSION = YES;
				CLANG_WARN_OBJC_IMPLICIT_RETAIN_SELF = YES;
				CLANG_WARN_OBJC_LITERAL_CONVERSION = YES;
				CLANG_WARN_OBJC_ROOT_CLASS = YES_ERROR;
				CLANG_WARN_QUOTED_INCLUDE_IN_FRAMEWORK_HEADER = YES;
				CLANG_WARN_RANGE_LOOP_ANALYSIS = YES;
				CLANG_WARN_STRICT_PROTOTYPES = YES;
				CLANG_WARN_SUSPICIOUS_MOVE = YES;
				CLANG_WARN_UNGUARDED_AVAILABILITY = YES_AGGRESSIVE;
				CLANG_WARN_UNREACHABLE_CODE = YES;
				CLANG_WARN__DUPLICATE_METHOD_MATCH = YES;
				COPY_PHASE_STRIP = NO;
				DEBUG_INFORMATION_FORMAT = dwarf;
				ENABLE_STRICT_OBJC_MSGSEND = YES;
				ENABLE_TESTABILITY = YES;
				GCC_C_LANGUAGE_STANDARD = gnu11;
				GCC_DYNAMIC_NO_PIC = NO;
				GCC_NO_COMMON_BLOCKS = YES;
				GCC_OPTIMIZATION_LEVEL = 0;
				GCC_PREPROCESSOR_DEFINITIONS = (
					"DEBUG=1",
					"$(inherited)",
				);
				GCC_WARN_64_TO_32_BIT_CONVERSION = YES;
				GCC_WARN_ABOUT_RETURN_TYPE = YES_ERROR;
				GCC_WARN_UNDECLARED_SELECTOR = YES;
				GCC_WARN_UNINITIALIZED_AUTOS = YES_AGGRESSIVE;
				GCC_WARN_UNUSED_FUNCTION = YES;
				GCC_WARN_UNUSED_VARIABLE = YES;
				IPHONEOS_DEPLOYMENT_TARGET = 15.0;
				MTL_ENABLE_DEBUG_INFO = INCLUDE_SOURCE;
				MTL_FAST_MATH = YES;
				ONLY_ACTIVE_ARCH = YES;
				SDKROOT = iphoneos;
				SWIFT_ACTIVE_COMPILATION_CONDITIONS = DEBUG;
				SWIFT_OPTIMIZATION_LEVEL = "-Onone";
			};
			name = Debug;
		};
		4A82BECF274699C10023E4F6 /* Release */ = {
			isa = XCBuildConfiguration;
			buildSettings = {
				ALWAYS_SEARCH_USER_PATHS = NO;
				CLANG_ANALYZER_NONNULL = YES;
				CLANG_ANALYZER_NUMBER_OBJECT_CONVERSION = YES_AGGRESSIVE;
				CLANG_CXX_LANGUAGE_STANDARD = "gnu++17";
				CLANG_CXX_LIBRARY = "libc++";
				CLANG_ENABLE_MODULES = YES;
				CLANG_ENABLE_OBJC_ARC = YES;
				CLANG_ENABLE_OBJC_WEAK = YES;
				CLANG_WARN_BLOCK_CAPTURE_AUTORELEASING = YES;
				CLANG_WARN_BOOL_CONVERSION = YES;
				CLANG_WARN_COMMA = YES;
				CLANG_WARN_CONSTANT_CONVERSION = YES;
				CLANG_WARN_DEPRECATED_OBJC_IMPLEMENTATIONS = YES;
				CLANG_WARN_DIRECT_OBJC_ISA_USAGE = YES_ERROR;
				CLANG_WARN_DOCUMENTATION_COMMENTS = YES;
				CLANG_WARN_EMPTY_BODY = YES;
				CLANG_WARN_ENUM_CONVERSION = YES;
				CLANG_WARN_INFINITE_RECURSION = YES;
				CLANG_WARN_INT_CONVERSION = YES;
				CLANG_WARN_NON_LITERAL_NULL_CONVERSION = YES;
				CLANG_WARN_OBJC_IMPLICIT_RETAIN_SELF = YES;
				CLANG_WARN_OBJC_LITERAL_CONVERSION = YES;
				CLANG_WARN_OBJC_ROOT_CLASS = YES_ERROR;
				CLANG_WARN_QUOTED_INCLUDE_IN_FRAMEWORK_HEADER = YES;
				CLANG_WARN_RANGE_LOOP_ANALYSIS = YES;
				CLANG_WARN_STRICT_PROTOTYPES = YES;
				CLANG_WARN_SUSPICIOUS_MOVE = YES;
				CLANG_WARN_UNGUARDED_AVAILABILITY = YES_AGGRESSIVE;
				CLANG_WARN_UNREACHABLE_CODE = YES;
				CLANG_WARN__DUPLICATE_METHOD_MATCH = YES;
				COPY_PHASE_STRIP = NO;
				DEBUG_INFORMATION_FORMAT = "dwarf-with-dsym";
				ENABLE_NS_ASSERTIONS = NO;
				ENABLE_STRICT_OBJC_MSGSEND = YES;
				GCC_C_LANGUAGE_STANDARD = gnu11;
				GCC_NO_COMMON_BLOCKS = YES;
				GCC_WARN_64_TO_32_BIT_CONVERSION = YES;
				GCC_WARN_ABOUT_RETURN_TYPE = YES_ERROR;
				GCC_WARN_UNDECLARED_SELECTOR = YES;
				GCC_WARN_UNINITIALIZED_AUTOS = YES_AGGRESSIVE;
				GCC_WARN_UNUSED_FUNCTION = YES;
				GCC_WARN_UNUSED_VARIABLE = YES;
				IPHONEOS_DEPLOYMENT_TARGET = 15.0;
				MTL_ENABLE_DEBUG_INFO = NO;
				MTL_FAST_MATH = YES;
				SDKROOT = iphoneos;
				SWIFT_COMPILATION_MODE = wholemodule;
				SWIFT_OPTIMIZATION_LEVEL = "-O";
				VALIDATE_PRODUCT = YES;
			};
			name = Release;
		};
		4A82BED1274699C10023E4F6 /* Debug */ = {
			isa = XCBuildConfiguration;
			buildSettings = {
				ASSETCATALOG_COMPILER_APPICON_NAME = AppIcon;
				ASSETCATALOG_COMPILER_GLOBAL_ACCENT_COLOR_NAME = AccentColor;
				CODE_SIGN_ENTITLEMENTS = ExEmailLogin/ExEmailLogin.entitlements;
				CODE_SIGN_STYLE = Automatic;
				CURRENT_PROJECT_VERSION = 1;
				DEVELOPMENT_TEAM = SS7U83UJNK;
				GENERATE_INFOPLIST_FILE = YES;
				INFOPLIST_FILE = ExEmailLogin/Resource/Info.plist;
				INFOPLIST_KEY_UIApplicationSupportsIndirectInputEvents = YES;
				INFOPLIST_KEY_UILaunchStoryboardName = LaunchScreen;
				INFOPLIST_KEY_UISupportedInterfaceOrientations_iPad = "UIInterfaceOrientationPortrait UIInterfaceOrientationPortraitUpsideDown UIInterfaceOrientationLandscapeLeft UIInterfaceOrientationLandscapeRight";
				INFOPLIST_KEY_UISupportedInterfaceOrientations_iPhone = "UIInterfaceOrientationPortrait UIInterfaceOrientationLandscapeLeft UIInterfaceOrientationLandscapeRight";
				LD_RUNPATH_SEARCH_PATHS = (
					"$(inherited)",
					"@executable_path/Frameworks",
				);
				MARKETING_VERSION = 1.0;
				PRODUCT_BUNDLE_IDENTIFIER = com.jake.ExEmailLogin;
				PRODUCT_NAME = "$(TARGET_NAME)";
				SWIFT_EMIT_LOC_STRINGS = YES;
				SWIFT_VERSION = 5.0;
				TARGETED_DEVICE_FAMILY = "1,2";
			};
			name = Debug;
		};
		4A82BED2274699C10023E4F6 /* Release */ = {
			isa = XCBuildConfiguration;
			buildSettings = {
				ASSETCATALOG_COMPILER_APPICON_NAME = AppIcon;
				ASSETCATALOG_COMPILER_GLOBAL_ACCENT_COLOR_NAME = AccentColor;
				CODE_SIGN_ENTITLEMENTS = ExEmailLogin/ExEmailLogin.entitlements;
				CODE_SIGN_STYLE = Automatic;
				CURRENT_PROJECT_VERSION = 1;
				DEVELOPMENT_TEAM = SS7U83UJNK;
				GENERATE_INFOPLIST_FILE = YES;
				INFOPLIST_FILE = ExEmailLogin/Resource/Info.plist;
				INFOPLIST_KEY_UIApplicationSupportsIndirectInputEvents = YES;
				INFOPLIST_KEY_UILaunchStoryboardName = LaunchScreen;
				INFOPLIST_KEY_UISupportedInterfaceOrientations_iPad = "UIInterfaceOrientationPortrait UIInterfaceOrientationPortraitUpsideDown UIInterfaceOrientationLandscapeLeft UIInterfaceOrientationLandscapeRight";
				INFOPLIST_KEY_UISupportedInterfaceOrientations_iPhone = "UIInterfaceOrientationPortrait UIInterfaceOrientationLandscapeLeft UIInterfaceOrientationLandscapeRight";
				LD_RUNPATH_SEARCH_PATHS = (
					"$(inherited)",
					"@executable_path/Frameworks",
				);
				MARKETING_VERSION = 1.0;
				PRODUCT_BUNDLE_IDENTIFIER = com.jake.ExEmailLogin;
				PRODUCT_NAME = "$(TARGET_NAME)";
				SWIFT_EMIT_LOC_STRINGS = YES;
				SWIFT_VERSION = 5.0;
				TARGETED_DEVICE_FAMILY = "1,2";
			};
			name = Release;
		};
		4A82BED4274699C10023E4F6 /* Debug */ = {
			isa = XCBuildConfiguration;
			buildSettings = {
				ALWAYS_EMBED_SWIFT_STANDARD_LIBRARIES = YES;
				BUNDLE_LOADER = "$(TEST_HOST)";
				CODE_SIGN_STYLE = Automatic;
				CURRENT_PROJECT_VERSION = 1;
				DEVELOPMENT_TEAM = SS7U83UJNK;
				GENERATE_INFOPLIST_FILE = YES;
				IPHONEOS_DEPLOYMENT_TARGET = 15.0;
				LD_RUNPATH_SEARCH_PATHS = (
					"$(inherited)",
					"@executable_path/Frameworks",
					"@loader_path/Frameworks",
				);
				MARKETING_VERSION = 1.0;
				PRODUCT_BUNDLE_IDENTIFIER = com.jake.ExEmailLoginTests;
				PRODUCT_NAME = "$(TARGET_NAME)";
				SWIFT_EMIT_LOC_STRINGS = NO;
				SWIFT_VERSION = 5.0;
				TARGETED_DEVICE_FAMILY = "1,2";
				TEST_HOST = "$(BUILT_PRODUCTS_DIR)/ExEmailLogin.app/ExEmailLogin";
			};
			name = Debug;
		};
		4A82BED5274699C10023E4F6 /* Release */ = {
			isa = XCBuildConfiguration;
			buildSettings = {
				ALWAYS_EMBED_SWIFT_STANDARD_LIBRARIES = YES;
				BUNDLE_LOADER = "$(TEST_HOST)";
				CODE_SIGN_STYLE = Automatic;
				CURRENT_PROJECT_VERSION = 1;
				DEVELOPMENT_TEAM = SS7U83UJNK;
				GENERATE_INFOPLIST_FILE = YES;
				IPHONEOS_DEPLOYMENT_TARGET = 15.0;
				LD_RUNPATH_SEARCH_PATHS = (
					"$(inherited)",
					"@executable_path/Frameworks",
					"@loader_path/Frameworks",
				);
				MARKETING_VERSION = 1.0;
				PRODUCT_BUNDLE_IDENTIFIER = com.jake.ExEmailLoginTests;
				PRODUCT_NAME = "$(TARGET_NAME)";
				SWIFT_EMIT_LOC_STRINGS = NO;
				SWIFT_VERSION = 5.0;
				TARGETED_DEVICE_FAMILY = "1,2";
				TEST_HOST = "$(BUILT_PRODUCTS_DIR)/ExEmailLogin.app/ExEmailLogin";
			};
			name = Release;
		};
		4A82BED7274699C10023E4F6 /* Debug */ = {
			isa = XCBuildConfiguration;
			buildSettings = {
				ALWAYS_EMBED_SWIFT_STANDARD_LIBRARIES = YES;
				CODE_SIGN_STYLE = Automatic;
				CURRENT_PROJECT_VERSION = 1;
				DEVELOPMENT_TEAM = SS7U83UJNK;
				GENERATE_INFOPLIST_FILE = YES;
				LD_RUNPATH_SEARCH_PATHS = (
					"$(inherited)",
					"@executable_path/Frameworks",
					"@loader_path/Frameworks",
				);
				MARKETING_VERSION = 1.0;
				PRODUCT_BUNDLE_IDENTIFIER = com.jake.ExEmailLoginUITests;
				PRODUCT_NAME = "$(TARGET_NAME)";
				SWIFT_EMIT_LOC_STRINGS = NO;
				SWIFT_VERSION = 5.0;
				TARGETED_DEVICE_FAMILY = "1,2";
				TEST_TARGET_NAME = ExEmailLogin;
			};
			name = Debug;
		};
		4A82BED8274699C10023E4F6 /* Release */ = {
			isa = XCBuildConfiguration;
			buildSettings = {
				ALWAYS_EMBED_SWIFT_STANDARD_LIBRARIES = YES;
				CODE_SIGN_STYLE = Automatic;
				CURRENT_PROJECT_VERSION = 1;
				DEVELOPMENT_TEAM = SS7U83UJNK;
				GENERATE_INFOPLIST_FILE = YES;
				LD_RUNPATH_SEARCH_PATHS = (
					"$(inherited)",
					"@executable_path/Frameworks",
					"@loader_path/Frameworks",
				);
				MARKETING_VERSION = 1.0;
				PRODUCT_BUNDLE_IDENTIFIER = com.jake.ExEmailLoginUITests;
				PRODUCT_NAME = "$(TARGET_NAME)";
				SWIFT_EMIT_LOC_STRINGS = NO;
				SWIFT_VERSION = 5.0;
				TARGETED_DEVICE_FAMILY = "1,2";
				TEST_TARGET_NAME = ExEmailLogin;
			};
			name = Release;
		};
/* End XCBuildConfiguration section */

/* Begin XCConfigurationList section */
		4A82BEA1274699BF0023E4F6 /* Build configuration list for PBXProject "ExEmailLogin" */ = {
			isa = XCConfigurationList;
			buildConfigurations = (
				4A82BECE274699C10023E4F6 /* Debug */,
				4A82BECF274699C10023E4F6 /* Release */,
			);
			defaultConfigurationIsVisible = 0;
			defaultConfigurationName = Release;
		};
		4A82BED0274699C10023E4F6 /* Build configuration list for PBXNativeTarget "ExEmailLogin" */ = {
			isa = XCConfigurationList;
			buildConfigurations = (
				4A82BED1274699C10023E4F6 /* Debug */,
				4A82BED2274699C10023E4F6 /* Release */,
			);
			defaultConfigurationIsVisible = 0;
			defaultConfigurationName = Release;
		};
		4A82BED3274699C10023E4F6 /* Build configuration list for PBXNativeTarget "ExEmailLoginTests" */ = {
			isa = XCConfigurationList;
			buildConfigurations = (
				4A82BED4274699C10023E4F6 /* Debug */,
				4A82BED5274699C10023E4F6 /* Release */,
			);
			defaultConfigurationIsVisible = 0;
			defaultConfigurationName = Release;
		};
		4A82BED6274699C10023E4F6 /* Build configuration list for PBXNativeTarget "ExEmailLoginUITests" */ = {
			isa = XCConfigurationList;
			buildConfigurations = (
				4A82BED7274699C10023E4F6 /* Debug */,
				4A82BED8274699C10023E4F6 /* Release */,
			);
			defaultConfigurationIsVisible = 0;
			defaultConfigurationName = Release;
		};
/* End XCConfigurationList section */

/* Begin XCRemoteSwiftPackageReference section */
		4A82BEDB27469C0E0023E4F6 /* XCRemoteSwiftPackageReference "firebase-ios-sdk" */ = {
			isa = XCRemoteSwiftPackageReference;
			repositoryURL = "https://github.com/firebase/firebase-ios-sdk.git";
			requirement = {
				branch = master;
				kind = branch;
			};
		};
/* End XCRemoteSwiftPackageReference section */

/* Begin XCSwiftPackageProductDependency section */
		4A82BEDC27469C0E0023E4F6 /* FirebaseAuth */ = {
			isa = XCSwiftPackageProductDependency;
			package = 4A82BEDB27469C0E0023E4F6 /* XCRemoteSwiftPackageReference "firebase-ios-sdk" */;
			productName = FirebaseAuth;
		};
/* End XCSwiftPackageProductDependency section */
	};
	rootObject = 4A82BE9E274699BF0023E4F6 /* Project object */;
}
